
Microsoft Visual Studio Solution File, Format Version 11.00
# Visual Studio 2010
Project("{FAE04EC0-301F-11D3-BF4B-00C04F79EFBC}") = "Euler", "Euler\Euler.csproj", "{CA76604A-2FD2-4F74-B2A5-E4FC710804D5}"
EndProject
Project("{FAE04EC0-301F-11D3-BF4B-00C04F79EFBC}") = "Common", "Common\Common.csproj", "{14FE5B00-4891-450A-8219-7F7173EE3A28}"
EndProject
Project("{FAE04EC0-301F-11D3-BF4B-00C04F79EFBC}") = "PuzzleRunner", "PuzzleRunner\PuzzleRunner.csproj", "{AB13879E-4DA4-4092-A650-13EEB9C20CD5}"
EndProject
Project("{2150E333-8FDC-42A3-9474-1A3956D46DE8}") = ".nuget", ".nuget", "{3293CE7B-C460-4EC0-874C-B68A6CC95758}"
	ProjectSection(SolutionItems) = preProject
		.nuget\packages.config = .nuget\packages.config
	EndProjectSection
EndProject
Project("{FAE04EC0-301F-11D3-BF4B-00C04F79EFBC}") = "Common.Test", "Common.Test\Common.Test.csproj", "{69F05A62-DC42-4AA4-A693-2A8D7B5C0318}"
EndProject
Project("{FAE04EC0-301F-11D3-BF4B-00C04F79EFBC}") = "CodingInterview", "CodingInterview\CodingInterview.csproj", "{62E377A7-F0C0-4C36-A7B5-8588B6C43359}"
EndProject
Global
	GlobalSection(SolutionConfigurationPlatforms) = preSolution
		Debug|Any CPU = Debug|Any CPU
		Debug|Mixed Platforms = Debug|Mixed Platforms
		Debug|x86 = Debug|x86
		Release|Any CPU = Release|Any CPU
		Release|Mixed Platforms = Release|Mixed Platforms
		Release|x86 = Release|x86
	EndGlobalSection
	GlobalSection(ProjectConfigurationPlatforms) = postSolution
		{CA76604A-2FD2-4F74-B2A5-E4FC710804D5}.Debug|Any CPU.ActiveCfg = Debug|Any CPU
		{CA76604A-2FD2-4F74-B2A5-E4FC710804D5}.Debug|Any CPU.Build.0 = Debug|Any CPU
		{CA76604A-2FD2-4F74-B2A5-E4FC710804D5}.Debug|Mixed Platforms.ActiveCfg = Debug|Any CPU
		{CA76604A-2FD2-4F74-B2A5-E4FC710804D5}.Debug|Mixed Platforms.Build.0 = Debug|Any CPU
		{CA76604A-2FD2-4F74-B2A5-E4FC710804D5}.Debug|x86.ActiveCfg = Debug|Any CPU
		{CA76604A-2FD2-4F74-B2A5-E4FC710804D5}.Release|Any CPU.ActiveCfg = Release|Any CPU
		{CA76604A-2FD2-4F74-B2A5-E4FC710804D5}.Release|Any CPU.Build.0 = Release|Any CPU
		{CA76604A-2FD2-4F74-B2A5-E4FC710804D5}.Release|Mixed Platforms.ActiveCfg = Release|Any CPU
		{CA76604A-2FD2-4F74-B2A5-E4FC710804D5}.Release|Mixed Platforms.Build.0 = Release|Any CPU
		{CA76604A-2FD2-4F74-B2A5-E4FC710804D5}.Release|x86.ActiveCfg = Release|Any CPU
		{14FE5B00-4891-450A-8219-7F7173EE3A28}.Debug|Any CPU.ActiveCfg = Debug|Any CPU
		{14FE5B00-4891-450A-8219-7F7173EE3A28}.Debug|Any CPU.Build.0 = Debug|Any CPU
		{14FE5B00-4891-450A-8219-7F7173EE3A28}.Debug|Mixed Platforms.ActiveCfg = Debug|Any CPU
		{14FE5B00-4891-450A-8219-7F7173EE3A28}.Debug|Mixed Platforms.Build.0 = Debug|Any CPU
		{14FE5B00-4891-450A-8219-7F7173EE3A28}.Debug|x86.ActiveCfg = Debug|Any CPU
		{14FE5B00-4891-450A-8219-7F7173EE3A28}.Release|Any CPU.ActiveCfg = Release|Any CPU
		{14FE5B00-4891-450A-8219-7F7173EE3A28}.Release|Any CPU.Build.0 = Release|Any CPU
		{14FE5B00-4891-450A-8219-7F7173EE3A28}.Release|Mixed Platforms.ActiveCfg = Release|Any CPU
		{14FE5B00-4891-450A-8219-7F7173EE3A28}.Release|Mixed Platforms.Build.0 = Release|Any CPU
		{14FE5B00-4891-450A-8219-7F7173EE3A28}.Release|x86.ActiveCfg = Release|Any CPU
		{AB13879E-4DA4-4092-A650-13EEB9C20CD5}.Debug|Any CPU.ActiveCfg = Debug|x86
		{AB13879E-4DA4-4092-A650-13EEB9C20CD5}.Debug|Mixed Platforms.ActiveCfg = Debug|x86
		{AB13879E-4DA4-4092-A650-13EEB9C20CD5}.Debug|Mixed Platforms.Build.0 = Debug|x86
		{AB13879E-4DA4-4092-A650-13EEB9C20CD5}.Debug|x86.ActiveCfg = Debug|x86
		{AB13879E-4DA4-4092-A650-13EEB9C20CD5}.Debug|x86.Build.0 = Debug|x86
		{AB13879E-4DA4-4092-A650-13EEB9C20CD5}.Release|Any CPU.ActiveCfg = Release|x86
		{AB13879E-4DA4-4092-A650-13EEB9C20CD5}.Release|Mixed Platforms.ActiveCfg = Release|x86
		{AB13879E-4DA4-4092-A650-13EEB9C20CD5}.Release|Mixed Platforms.Build.0 = Release|x86
		{AB13879E-4DA4-4092-A650-13EEB9C20CD5}.Release|x86.ActiveCfg = Release|x86
		{AB13879E-4DA4-4092-A650-13EEB9C20CD5}.Release|x86.Build.0 = Release|x86
		{69F05A62-DC42-4AA4-A693-2A8D7B5C0318}.Debug|Any CPU.ActiveCfg = Debug|Any CPU
		{69F05A62-DC42-4AA4-A693-2A8D7B5C0318}.Debug|Any CPU.Build.0 = Debug|Any CPU
		{69F05A62-DC42-4AA4-A693-2A8D7B5C0318}.Debug|Mixed Platforms.ActiveCfg = Debug|Any CPU
		{69F05A62-DC42-4AA4-A693-2A8D7B5C0318}.Debug|Mixed Platforms.Build.0 = Debug|Any CPU
		{69F05A62-DC42-4AA4-A693-2A8D7B5C0318}.Debug|x86.ActiveCfg = Debug|Any CPU
		{69F05A62-DC42-4AA4-A693-2A8D7B5C0318}.Release|Any CPU.ActiveCfg = Release|Any CPU
		{69F05A62-DC42-4AA4-A693-2A8D7B5C0318}.Release|Any CPU.Build.0 = Release|Any CPU
		{69F05A62-DC42-4AA4-A693-2A8D7B5C0318}.Release|Mixed Platforms.ActiveCfg = Release|Any CPU
		{69F05A62-DC42-4AA4-A693-2A8D7B5C0318}.Release|Mixed Platforms.Build.0 = Release|Any CPU
		{69F05A62-DC42-4AA4-A693-2A8D7B5C0318}.Release|x86.ActiveCfg = Release|Any CPU
		{62E377A7-F0C0-4C36-A7B5-8588B6C43359}.Debug|Any CPU.ActiveCfg = Debug|Any CPU
		{62E377A7-F0C0-4C36-A7B5-8588B6C43359}.Debug|Any CPU.Build.0 = Debug|Any CPU
		{62E377A7-F0C0-4C36-A7B5-8588B6C43359}.Debug|Mixed Platforms.ActiveCfg = Debug|Any CPU
		{62E377A7-F0C0-4C36-A7B5-8588B6C43359}.Debug|Mixed Platforms.Build.0 = Debug|Any CPU
		{62E377A7-F0C0-4C36-A7B5-8588B6C43359}.Debug|x86.ActiveCfg = Debug|Any CPU
		{62E377A7-F0C0-4C36-A7B5-8588B6C43359}.Release|Any CPU.ActiveCfg = Release|Any CPU
		{62E377A7-F0C0-4C36-A7B5-8588B6C43359}.Release|Any CPU.Build.0 = Release|Any CPU
		{62E377A7-F0C0-4C36-A7B5-8588B6C43359}.Release|Mixed Platforms.ActiveCfg = Release|Any CPU
		{62E377A7-F0C0-4C36-A7B5-8588B6C43359}.Release|Mixed Platforms.Build.0 = Release|Any CPU
		{62E377A7-F0C0-4C36-A7B5-8588B6C43359}.Release|x86.ActiveCfg = Release|Any CPU
	EndGlobalSection
	GlobalSection(SolutionProperties) = preSolution
		HideSolutionNode = FALSE
	EndGlobalSection
EndGlobal
